
Microsoft Visual Studio Solution File, Format Version 12.00
# Visual Studio Version 16
VisualStudioVersion = 16.0.29709.97
MinimumVisualStudioVersion = 10.0.40219.1
Project("{9A19103F-16F7-4668-BE54-9A1E7A4F7556}") = "Tedd.FilesystemSearch", "Tedd.FilesystemSearch\Tedd.FilesystemSearch.csproj", "{38108CCF-A429-4A06-8D89-13F69BA4F6FF}"
EndProject
Project("{FAE04EC0-301F-11D3-BF4B-00C04F79EFBC}") = "Tedd.FilesystemSearch.Tests", "Tedd.FilesystemSearch.Tests\Tedd.FilesystemSearch.Tests.csproj", "{1AD6DD35-9935-4430-8F48-439977210A42}"
EndProject
Global
	GlobalSection(SolutionConfigurationPlatforms) = preSolution
		Debug|Any CPU = Debug|Any CPU
		Release|Any CPU = Release|Any CPU
	EndGlobalSection
	GlobalSection(ProjectConfigurationPlatforms) = postSolution
		{38108CCF-A429-4A06-8D89-13F69BA4F6FF}.Debug|Any CPU.ActiveCfg = Debug|Any CPU
		{38108CCF-A429-4A06-8D89-13F69BA4F6FF}.Debug|Any CPU.Build.0 = Debug|Any CPU
		{38108CCF-A429-4A06-8D89-13F69BA4F6FF}.Release|Any CPU.ActiveCfg = Release|Any CPU
		{38108CCF-A429-4A06-8D89-13F69BA4F6FF}.Release|Any CPU.Build.0 = Release|Any CPU
		{1AD6DD35-9935-4430-8F48-439977210A42}.Debug|Any CPU.ActiveCfg = Debug|Any CPU
		{1AD6DD35-9935-4430-8F48-439977210A42}.Debug|Any CPU.Build.0 = Debug|Any CPU
		{1AD6DD35-9935-4430-8F48-439977210A42}.Release|Any CPU.ActiveCfg = Release|Any CPU
		{1AD6DD35-9935-4430-8F48-439977210A42}.Release|Any CPU.Build.0 = Release|Any CPU
	EndGlobalSection
	GlobalSection(SolutionProperties) = preSolution
		HideSolutionNode = FALSE
	EndGlobalSection
	GlobalSection(ExtensibilityGlobals) = postSolution
		SolutionGuid = {43E063A7-95FF-4ADE-9FA1-76149D7907B3}
	EndGlobalSection
EndGlobal
